{
    "_readme": [
        "This file locks the dependencies of your project to a known state",
        "Read more about it at https://getcomposer.org/doc/01-basic-usage.md#installing-dependencies",
        "This file is @generated automatically"
    ],
    "content-hash": "432eccd38b7c015ef7c7931f168dd822",
    "packages": [
        {
            "name": "altcha-org/altcha",
            "version": "v1.3.1",
            "source": {
                "type": "git",
                "url": "https://github.com/altcha-org/altcha-lib-php.git",
                "reference": "9e9e70c864a9db960d071c77c778be0c9ff1a4d0"
            },
            "dist": {
                "type": "zip",
                "url": "https://api.github.com/repos/altcha-org/altcha-lib-php/zipball/9e9e70c864a9db960d071c77c778be0c9ff1a4d0",
                "reference": "9e9e70c864a9db960d071c77c778be0c9ff1a4d0",
                "shasum": ""
            },
            "require": {
                "ext-json": "*",
                "php": ">=8.2"
            },
            "require-dev": {
                "friendsofphp/php-cs-fixer": "^3.72",
                "phpstan/extension-installer": "^1.4",
                "phpstan/phpstan": "^2.1",
                "phpstan/phpstan-phpunit": "^2.0",
                "phpunit/phpunit": "^11.5"
            },
            "type": "library",
            "autoload": {
                "psr-4": {
                    "AltchaOrg\\Altcha\\": "src/"
                }
            },
            "notification-url": "https://packagist.org/downloads/",
            "license": [
                "MIT"
            ],
            "authors": [
                {
                    "name": "Daniel Regeci",
                    "email": "536331+ovx@users.noreply.github.com"
                }
            ],
            "support": {
                "issues": "https://github.com/altcha-org/altcha-lib-php/issues",
                "source": "https://github.com/altcha-org/altcha-lib-php/tree/v1.3.1"
            },
            "time": "2025-12-13T10:03:53+00:00"
        }
    ],
    "packages-dev": [],
    "aliases": [],
    "minimum-stability": "stable",
    "stability-flags": {},
    "prefer-stable": false,
    "prefer-lowest": false,
    "platform": {},
    "platform-dev": {},
    "plugin-api-version": "2.9.0"
}
